// !$*UTF8*$!
{
	archiveVersion = 1;
	classes = {
	};
	objectVersion = 56;
	objects = {

/* Begin PBXBuildFile section */
		1C113EB22C874FBB00F09D65 /* MIKI_Parents_iOSApp.swift in Sources */ = {isa = PBXBuildFile; fileRef = 1C113EB12C874FBB00F09D65 /* MIKI_Parents_iOSApp.swift */; };
		1C113EB62C874FBC00F09D65 /* Assets.xcassets in Resources */ = {isa = PBXBuildFile; fileRef = 1C113EB52C874FBC00F09D65 /* Assets.xcassets */; };
		1C113EB92C874FBC00F09D65 /* Preview Assets.xcassets in Resources */ = {isa = PBXBuildFile; fileRef = 1C113EB82C874FBC00F09D65 /* Preview Assets.xcassets */; };
		1C113EC32C874FBC00F09D65 /* MIKI_Parents_iOSTests.swift in Sources */ = {isa = PBXBuildFile; fileRef = 1C113EC22C874FBC00F09D65 /* MIKI_Parents_iOSTests.swift */; };
		1C113ECD2C874FBC00F09D65 /* MIKI_Parents_iOSUITests.swift in Sources */ = {isa = PBXBuildFile; fileRef = 1C113ECC2C874FBC00F09D65 /* MIKI_Parents_iOSUITests.swift */; };
		1C113ECF2C874FBC00F09D65 /* MIKI_Parents_iOSUITestsLaunchTests.swift in Sources */ = {isa = PBXBuildFile; fileRef = 1C113ECE2C874FBC00F09D65 /* MIKI_Parents_iOSUITestsLaunchTests.swift */; };
		1C910FD12CB50B4000E4DC66 /* AppDelegate.swift in Sources */ = {isa = PBXBuildFile; fileRef = 1C910FD02CB50B3100E4DC66 /* AppDelegate.swift */; };
		1C910FD32CB5125500E4DC66 /* GoogleService-Info.plist in Resources */ = {isa = PBXBuildFile; fileRef = 1C910FD22CB5125500E4DC66 /* GoogleService-Info.plist */; };
		1C910FD62CB5617600E4DC66 /* AudioPlayer.swift in Sources */ = {isa = PBXBuildFile; fileRef = 1C910FD52CB5616000E4DC66 /* AudioPlayer.swift */; };
		1C910FD82CB5621500E4DC66 /* kids_laugh.mp3 in Resources */ = {isa = PBXBuildFile; fileRef = 1C910FD72CB5621500E4DC66 /* kids_laugh.mp3 */; };
		1CB2E4D22C99C87E003FDFC0 /* LoginView.swift in Sources */ = {isa = PBXBuildFile; fileRef = 1CB2E4CF2C99C87E003FDFC0 /* LoginView.swift */; };
		1CB2E4D32C99C87E003FDFC0 /* LoginViewModel.swift in Sources */ = {isa = PBXBuildFile; fileRef = 1CB2E4D02C99C87E003FDFC0 /* LoginViewModel.swift */; };
		1CB2E4D72C99C890003FDFC0 /* KidsMusicItem.swift in Sources */ = {isa = PBXBuildFile; fileRef = 1CB2E4D42C99C890003FDFC0 /* KidsMusicItem.swift */; };
		1CB2E4D82C99C890003FDFC0 /* KidsMusicViewModel.swift in Sources */ = {isa = PBXBuildFile; fileRef = 1CB2E4D52C99C890003FDFC0 /* KidsMusicViewModel.swift */; };
		1CB2E4EA2C99C8D4003FDFC0 /* RegisterView.swift in Sources */ = {isa = PBXBuildFile; fileRef = 1CB2E4D92C99C8D4003FDFC0 /* RegisterView.swift */; };
		1CB2E4EB2C99C8D4003FDFC0 /* RegisterViewModel.swift in Sources */ = {isa = PBXBuildFile; fileRef = 1CB2E4DA2C99C8D4003FDFC0 /* RegisterViewModel.swift */; };
		1CB2E4EC2C99C8D4003FDFC0 /* HomeTabView.swift in Sources */ = {isa = PBXBuildFile; fileRef = 1CB2E4DC2C99C8D4003FDFC0 /* HomeTabView.swift */; };
		1CB2E4ED2C99C8D4003FDFC0 /* HomeworkTabView.swift in Sources */ = {isa = PBXBuildFile; fileRef = 1CB2E4DD2C99C8D4003FDFC0 /* HomeworkTabView.swift */; };
		1CB2E4EE2C99C8D4003FDFC0 /* KidsMusicDetailView.swift in Sources */ = {isa = PBXBuildFile; fileRef = 1CB2E4DE2C99C8D4003FDFC0 /* KidsMusicDetailView.swift */; };
		1CB2E4EF2C99C8D4003FDFC0 /* KidsMusicTabView.swift in Sources */ = {isa = PBXBuildFile; fileRef = 1CB2E4DF2C99C8D4003FDFC0 /* KidsMusicTabView.swift */; };
		1CB2E4F02C99C8D4003FDFC0 /* NotesTabView.swift in Sources */ = {isa = PBXBuildFile; fileRef = 1CB2E4E02C99C8D4003FDFC0 /* NotesTabView.swift */; };
		1CB2E4F12C99C8D4003FDFC0 /* SettingsTabView.swift in Sources */ = {isa = PBXBuildFile; fileRef = 1CB2E4E12C99C8D4003FDFC0 /* SettingsTabView.swift */; };
		1CB2E4F22C99C8D4003FDFC0 /* FirestoreItem.swift in Sources */ = {isa = PBXBuildFile; fileRef = 1CB2E4E32C99C8D4003FDFC0 /* FirestoreItem.swift */; };
		1CB2E4F32C99C8D4003FDFC0 /* NewPostView.swift in Sources */ = {isa = PBXBuildFile; fileRef = 1CB2E4E42C99C8D4003FDFC0 /* NewPostView.swift */; };
		1CB2E4F42C99C8D4003FDFC0 /* NotesViewModel.swift in Sources */ = {isa = PBXBuildFile; fileRef = 1CB2E4E52C99C8D4003FDFC0 /* NotesViewModel.swift */; };
		1CB2E4F52C99C8D4003FDFC0 /* Post.swift in Sources */ = {isa = PBXBuildFile; fileRef = 1CB2E4E62C99C8D4003FDFC0 /* Post.swift */; };
		1CB2E4F62C99C8D4003FDFC0 /* SettingsTabViewModel.swift in Sources */ = {isa = PBXBuildFile; fileRef = 1CB2E4E82C99C8D4003FDFC0 /* SettingsTabViewModel.swift */; };
		1CB2E4F82C99C933003FDFC0 /* FirebaseAuthManager.swift in Sources */ = {isa = PBXBuildFile; fileRef = 1CB2E4F72C99C933003FDFC0 /* FirebaseAuthManager.swift */; };
		1CD0889A2CC12E7E000B404A /* FamilyJoinView.swift in Sources */ = {isa = PBXBuildFile; fileRef = 1CD088962CC12E7E000B404A /* FamilyJoinView.swift */; };
		1CD0889B2CC12E7E000B404A /* FamilyManager.swift in Sources */ = {isa = PBXBuildFile; fileRef = 1CD088972CC12E7E000B404A /* FamilyManager.swift */; };
		1CD0889C2CC12E7E000B404A /* QRCodeGeneratorView.swift in Sources */ = {isa = PBXBuildFile; fileRef = 1CD088982CC12E7E000B404A /* QRCodeGeneratorView.swift */; };
		1CD0889D2CC12E7E000B404A /* QRCodeScannerView.swift in Sources */ = {isa = PBXBuildFile; fileRef = 1CD088992CC12E7E000B404A /* QRCodeScannerView.swift */; };
		1CD088A42CC139D4000B404A /* FamilyManagerView.swift in Sources */ = {isa = PBXBuildFile; fileRef = 1CD088A32CC139D4000B404A /* FamilyManagerView.swift */; };
		1CE2F5A82C90898A000F818C /* FirebaseAnalytics in Frameworks */ = {isa = PBXBuildFile; productRef = 1CE2F5A72C90898A000F818C /* FirebaseAnalytics */; };
		1CE2F5AA2C90898A000F818C /* FirebaseAnalyticsOnDeviceConversion in Frameworks */ = {isa = PBXBuildFile; productRef = 1CE2F5A92C90898A000F818C /* FirebaseAnalyticsOnDeviceConversion */; };
		1CE2F5AC2C90898A000F818C /* FirebaseAnalyticsWithoutAdIdSupport in Frameworks */ = {isa = PBXBuildFile; productRef = 1CE2F5AB2C90898A000F818C /* FirebaseAnalyticsWithoutAdIdSupport */; };
		1CE2F5AE2C90898A000F818C /* FirebaseAppCheck in Frameworks */ = {isa = PBXBuildFile; productRef = 1CE2F5AD2C90898A000F818C /* FirebaseAppCheck */; };
		1CE2F5B02C90898A000F818C /* FirebaseAppDistribution-Beta in Frameworks */ = {isa = PBXBuildFile; productRef = 1CE2F5AF2C90898A000F818C /* FirebaseAppDistribution-Beta */; };
		1CE2F5B22C90898A000F818C /* FirebaseAuth in Frameworks */ = {isa = PBXBuildFile; productRef = 1CE2F5B12C90898A000F818C /* FirebaseAuth */; };
		1CE2F5B42C90898A000F818C /* FirebaseAuthCombine-Community in Frameworks */ = {isa = PBXBuildFile; productRef = 1CE2F5B32C90898A000F818C /* FirebaseAuthCombine-Community */; };
		1CE2F5B62C90898A000F818C /* FirebaseCrashlytics in Frameworks */ = {isa = PBXBuildFile; productRef = 1CE2F5B52C90898A000F818C /* FirebaseCrashlytics */; };
		1CE2F5B82C90898A000F818C /* FirebaseDatabase in Frameworks */ = {isa = PBXBuildFile; productRef = 1CE2F5B72C90898A000F818C /* FirebaseDatabase */; };
		1CE2F5BA2C90898A000F818C /* FirebaseDynamicLinks in Frameworks */ = {isa = PBXBuildFile; productRef = 1CE2F5B92C90898A000F818C /* FirebaseDynamicLinks */; };
		1CE2F5BC2C90898A000F818C /* FirebaseFirestore in Frameworks */ = {isa = PBXBuildFile; productRef = 1CE2F5BB2C90898A000F818C /* FirebaseFirestore */; };
		1CE2F5BE2C90898A000F818C /* FirebaseFirestoreCombine-Community in Frameworks */ = {isa = PBXBuildFile; productRef = 1CE2F5BD2C90898A000F818C /* FirebaseFirestoreCombine-Community */; };
		1CE2F5C02C90898A000F818C /* FirebaseFunctions in Frameworks */ = {isa = PBXBuildFile; productRef = 1CE2F5BF2C90898A000F818C /* FirebaseFunctions */; };
		1CE2F5C22C90898A000F818C /* FirebaseFunctionsCombine-Community in Frameworks */ = {isa = PBXBuildFile; productRef = 1CE2F5C12C90898A000F818C /* FirebaseFunctionsCombine-Community */; };
		1CE2F5C42C90898A000F818C /* FirebaseInAppMessaging-Beta in Frameworks */ = {isa = PBXBuildFile; productRef = 1CE2F5C32C90898A000F818C /* FirebaseInAppMessaging-Beta */; };
		1CE2F5C62C90898A000F818C /* FirebaseInstallations in Frameworks */ = {isa = PBXBuildFile; productRef = 1CE2F5C52C90898A000F818C /* FirebaseInstallations */; };
		1CE2F5C82C90898A000F818C /* FirebaseMLModelDownloader in Frameworks */ = {isa = PBXBuildFile; productRef = 1CE2F5C72C90898A000F818C /* FirebaseMLModelDownloader */; };
		1CE2F5CA2C90898A000F818C /* FirebaseMessaging in Frameworks */ = {isa = PBXBuildFile; productRef = 1CE2F5C92C90898A000F818C /* FirebaseMessaging */; };
		1CE2F5CC2C90898A000F818C /* FirebasePerformance in Frameworks */ = {isa = PBXBuildFile; productRef = 1CE2F5CB2C90898A000F818C /* FirebasePerformance */; };
		1CE2F5CE2C90898A000F818C /* FirebaseRemoteConfig in Frameworks */ = {isa = PBXBuildFile; productRef = 1CE2F5CD2C90898A000F818C /* FirebaseRemoteConfig */; };
		1CE2F5D02C90898A000F818C /* FirebaseStorage in Frameworks */ = {isa = PBXBuildFile; productRef = 1CE2F5CF2C90898A000F818C /* FirebaseStorage */; };
		1CE2F5D22C90898A000F818C /* FirebaseStorageCombine-Community in Frameworks */ = {isa = PBXBuildFile; productRef = 1CE2F5D12C90898A000F818C /* FirebaseStorageCombine-Community */; };
		1CE2F5D42C90898A000F818C /* FirebaseVertexAI-Preview in Frameworks */ = {isa = PBXBuildFile; productRef = 1CE2F5D32C90898A000F818C /* FirebaseVertexAI-Preview */; };
		1CE2F5DE2C908BF6000F818C /* HomeView.swift in Sources */ = {isa = PBXBuildFile; fileRef = 1CE2F5DD2C908BF6000F818C /* HomeView.swift */; };
		1CF52E622C9AB67B00EC59C2 /* UploadFileView.swift in Sources */ = {isa = PBXBuildFile; fileRef = 1CF52E612C9AB67B00EC59C2 /* UploadFileView.swift */; };
		1CF52E642C9AB6AB00EC59C2 /* FileItem.swift in Sources */ = {isa = PBXBuildFile; fileRef = 1CF52E632C9AB6AB00EC59C2 /* FileItem.swift */; };
		1CF52E662C9ABA8300EC59C2 /* DocumentPicker.swift in Sources */ = {isa = PBXBuildFile; fileRef = 1CF52E652C9ABA8300EC59C2 /* DocumentPicker.swift */; };
		1CF52E682C9ABAAD00EC59C2 /* ImagePicker.swift in Sources */ = {isa = PBXBuildFile; fileRef = 1CF52E672C9ABAAD00EC59C2 /* ImagePicker.swift */; };
		1CF52E6A2C9ABC2E00EC59C2 /* FileListView.swift in Sources */ = {isa = PBXBuildFile; fileRef = 1CF52E692C9ABC2E00EC59C2 /* FileListView.swift */; };
		1CF52E6C2C9ABC6400EC59C2 /* FileDetailView.swift in Sources */ = {isa = PBXBuildFile; fileRef = 1CF52E6B2C9ABC6400EC59C2 /* FileDetailView.swift */; };
		1CF52E722CA19B1F00EC59C2 /* FullscreenView.swift in Sources */ = {isa = PBXBuildFile; fileRef = 1CF52E712CA19B1F00EC59C2 /* FullscreenView.swift */; };
		1CF52E742CA1AC5300EC59C2 /* PDFThumbnailView.swift in Sources */ = {isa = PBXBuildFile; fileRef = 1CF52E732CA1AC5300EC59C2 /* PDFThumbnailView.swift */; };
		1CF52E762CA1ACBD00EC59C2 /* FullscreenPDFView.swift in Sources */ = {isa = PBXBuildFile; fileRef = 1CF52E752CA1ACBD00EC59C2 /* FullscreenPDFView.swift */; };
/* End PBXBuildFile section */

/* Begin PBXContainerItemProxy section */
		1C113EBF2C874FBC00F09D65 /* PBXContainerItemProxy */ = {
			isa = PBXContainerItemProxy;
			containerPortal = 1C113EA62C874FBB00F09D65 /* Project object */;
			proxyType = 1;
			remoteGlobalIDString = 1C113EAD2C874FBB00F09D65;
			remoteInfo = "MIKI Parents iOS";
		};
		1C113EC92C874FBC00F09D65 /* PBXContainerItemProxy */ = {
			isa = PBXContainerItemProxy;
			containerPortal = 1C113EA62C874FBB00F09D65 /* Project object */;
			proxyType = 1;
			remoteGlobalIDString = 1C113EAD2C874FBB00F09D65;
			remoteInfo = "MIKI Parents iOS";
		};
/* End PBXContainerItemProxy section */

/* Begin PBXFileReference section */
		1C113EAE2C874FBB00F09D65 /* MIKI Parents iOS.app */ = {isa = PBXFileReference; explicitFileType = wrapper.application; includeInIndex = 0; path = "MIKI Parents iOS.app"; sourceTree = BUILT_PRODUCTS_DIR; };
		1C113EB12C874FBB00F09D65 /* MIKI_Parents_iOSApp.swift */ = {isa = PBXFileReference; lastKnownFileType = sourcecode.swift; path = MIKI_Parents_iOSApp.swift; sourceTree = "<group>"; };
		1C113EB52C874FBC00F09D65 /* Assets.xcassets */ = {isa = PBXFileReference; lastKnownFileType = folder.assetcatalog; path = Assets.xcassets; sourceTree = "<group>"; };
		1C113EB82C874FBC00F09D65 /* Preview Assets.xcassets */ = {isa = PBXFileReference; lastKnownFileType = folder.assetcatalog; path = "Preview Assets.xcassets"; sourceTree = "<group>"; };
		1C113EBE2C874FBC00F09D65 /* MIKI Parents iOSTests.xctest */ = {isa = PBXFileReference; explicitFileType = wrapper.cfbundle; includeInIndex = 0; path = "MIKI Parents iOSTests.xctest"; sourceTree = BUILT_PRODUCTS_DIR; };
		1C113EC22C874FBC00F09D65 /* MIKI_Parents_iOSTests.swift */ = {isa = PBXFileReference; lastKnownFileType = sourcecode.swift; path = MIKI_Parents_iOSTests.swift; sourceTree = "<group>"; };
		1C113EC82C874FBC00F09D65 /* MIKI Parents iOSUITests.xctest */ = {isa = PBXFileReference; explicitFileType = wrapper.cfbundle; includeInIndex = 0; path = "MIKI Parents iOSUITests.xctest"; sourceTree = BUILT_PRODUCTS_DIR; };
		1C113ECC2C874FBC00F09D65 /* MIKI_Parents_iOSUITests.swift */ = {isa = PBXFileReference; lastKnownFileType = sourcecode.swift; path = MIKI_Parents_iOSUITests.swift; sourceTree = "<group>"; };
		1C113ECE2C874FBC00F09D65 /* MIKI_Parents_iOSUITestsLaunchTests.swift */ = {isa = PBXFileReference; lastKnownFileType = sourcecode.swift; path = MIKI_Parents_iOSUITestsLaunchTests.swift; sourceTree = "<group>"; };
		1C910FD02CB50B3100E4DC66 /* AppDelegate.swift */ = {isa = PBXFileReference; lastKnownFileType = sourcecode.swift; path = AppDelegate.swift; sourceTree = "<group>"; };
		1C910FD22CB5125500E4DC66 /* GoogleService-Info.plist */ = {isa = PBXFileReference; lastKnownFileType = text.plist.xml; path = "GoogleService-Info.plist"; sourceTree = "<group>"; };
		1C910FD42CB52BAC00E4DC66 /* MIKI-Parents-iOS-Info.plist */ = {isa = PBXFileReference; lastKnownFileType = text.plist; path = "MIKI-Parents-iOS-Info.plist"; sourceTree = SOURCE_ROOT; };
		1C910FD52CB5616000E4DC66 /* AudioPlayer.swift */ = {isa = PBXFileReference; lastKnownFileType = sourcecode.swift; path = AudioPlayer.swift; sourceTree = "<group>"; };
		1C910FD72CB5621500E4DC66 /* kids_laugh.mp3 */ = {isa = PBXFileReference; lastKnownFileType = audio.mp3; path = kids_laugh.mp3; sourceTree = "<group>"; };
		1CB2E4CF2C99C87E003FDFC0 /* LoginView.swift */ = {isa = PBXFileReference; fileEncoding = 4; lastKnownFileType = sourcecode.swift; path = LoginView.swift; sourceTree = "<group>"; };
		1CB2E4D02C99C87E003FDFC0 /* LoginViewModel.swift */ = {isa = PBXFileReference; fileEncoding = 4; lastKnownFileType = sourcecode.swift; path = LoginViewModel.swift; sourceTree = "<group>"; };
		1CB2E4D42C99C890003FDFC0 /* KidsMusicItem.swift */ = {isa = PBXFileReference; fileEncoding = 4; lastKnownFileType = sourcecode.swift; path = KidsMusicItem.swift; sourceTree = "<group>"; };
		1CB2E4D52C99C890003FDFC0 /* KidsMusicViewModel.swift */ = {isa = PBXFileReference; fileEncoding = 4; lastKnownFileType = sourcecode.swift; path = KidsMusicViewModel.swift; sourceTree = "<group>"; };
		1CB2E4D92C99C8D4003FDFC0 /* RegisterView.swift */ = {isa = PBXFileReference; fileEncoding = 4; lastKnownFileType = sourcecode.swift; path = RegisterView.swift; sourceTree = "<group>"; };
		1CB2E4DA2C99C8D4003FDFC0 /* RegisterViewModel.swift */ = {isa = PBXFileReference; fileEncoding = 4; lastKnownFileType = sourcecode.swift; path = RegisterViewModel.swift; sourceTree = "<group>"; };
		1CB2E4DC2C99C8D4003FDFC0 /* HomeTabView.swift */ = {isa = PBXFileReference; fileEncoding = 4; lastKnownFileType = sourcecode.swift; path = HomeTabView.swift; sourceTree = "<group>"; };
		1CB2E4DD2C99C8D4003FDFC0 /* HomeworkTabView.swift */ = {isa = PBXFileReference; fileEncoding = 4; lastKnownFileType = sourcecode.swift; path = HomeworkTabView.swift; sourceTree = "<group>"; };
		1CB2E4DE2C99C8D4003FDFC0 /* KidsMusicDetailView.swift */ = {isa = PBXFileReference; fileEncoding = 4; lastKnownFileType = sourcecode.swift; path = KidsMusicDetailView.swift; sourceTree = "<group>"; };
		1CB2E4DF2C99C8D4003FDFC0 /* KidsMusicTabView.swift */ = {isa = PBXFileReference; fileEncoding = 4; lastKnownFileType = sourcecode.swift; path = KidsMusicTabView.swift; sourceTree = "<group>"; };
		1CB2E4E02C99C8D4003FDFC0 /* NotesTabView.swift */ = {isa = PBXFileReference; fileEncoding = 4; lastKnownFileType = sourcecode.swift; path = NotesTabView.swift; sourceTree = "<group>"; };
		1CB2E4E12C99C8D4003FDFC0 /* SettingsTabView.swift */ = {isa = PBXFileReference; fileEncoding = 4; lastKnownFileType = sourcecode.swift; path = SettingsTabView.swift; sourceTree = "<group>"; };
		1CB2E4E32C99C8D4003FDFC0 /* FirestoreItem.swift */ = {isa = PBXFileReference; fileEncoding = 4; lastKnownFileType = sourcecode.swift; path = FirestoreItem.swift; sourceTree = "<group>"; };
		1CB2E4E42C99C8D4003FDFC0 /* NewPostView.swift */ = {isa = PBXFileReference; fileEncoding = 4; lastKnownFileType = sourcecode.swift; path = NewPostView.swift; sourceTree = "<group>"; };
		1CB2E4E52C99C8D4003FDFC0 /* NotesViewModel.swift */ = {isa = PBXFileReference; fileEncoding = 4; lastKnownFileType = sourcecode.swift; path = NotesViewModel.swift; sourceTree = "<group>"; };
		1CB2E4E62C99C8D4003FDFC0 /* Post.swift */ = {isa = PBXFileReference; fileEncoding = 4; lastKnownFileType = sourcecode.swift; path = Post.swift; sourceTree = "<group>"; };
		1CB2E4E82C99C8D4003FDFC0 /* SettingsTabViewModel.swift */ = {isa = PBXFileReference; fileEncoding = 4; lastKnownFileType = sourcecode.swift; path = SettingsTabViewModel.swift; sourceTree = "<group>"; };
		1CB2E4F72C99C933003FDFC0 /* FirebaseAuthManager.swift */ = {isa = PBXFileReference; fileEncoding = 4; lastKnownFileType = sourcecode.swift; path = FirebaseAuthManager.swift; sourceTree = "<group>"; };
		1CD088962CC12E7E000B404A /* FamilyJoinView.swift */ = {isa = PBXFileReference; lastKnownFileType = sourcecode.swift; path = FamilyJoinView.swift; sourceTree = "<group>"; };
		1CD088972CC12E7E000B404A /* FamilyManager.swift */ = {isa = PBXFileReference; lastKnownFileType = sourcecode.swift; path = FamilyManager.swift; sourceTree = "<group>"; };
		1CD088982CC12E7E000B404A /* QRCodeGeneratorView.swift */ = {isa = PBXFileReference; lastKnownFileType = sourcecode.swift; path = QRCodeGeneratorView.swift; sourceTree = "<group>"; };
		1CD088992CC12E7E000B404A /* QRCodeScannerView.swift */ = {isa = PBXFileReference; lastKnownFileType = sourcecode.swift; path = QRCodeScannerView.swift; sourceTree = "<group>"; };
		1CD088A32CC139D4000B404A /* FamilyManagerView.swift */ = {isa = PBXFileReference; lastKnownFileType = sourcecode.swift; path = FamilyManagerView.swift; sourceTree = "<group>"; };
		1CE2F5DD2C908BF6000F818C /* HomeView.swift */ = {isa = PBXFileReference; lastKnownFileType = sourcecode.swift; path = HomeView.swift; sourceTree = "<group>"; };
		1CF52E612C9AB67B00EC59C2 /* UploadFileView.swift */ = {isa = PBXFileReference; lastKnownFileType = sourcecode.swift; path = UploadFileView.swift; sourceTree = "<group>"; };
		1CF52E632C9AB6AB00EC59C2 /* FileItem.swift */ = {isa = PBXFileReference; lastKnownFileType = sourcecode.swift; path = FileItem.swift; sourceTree = "<group>"; };
		1CF52E652C9ABA8300EC59C2 /* DocumentPicker.swift */ = {isa = PBXFileReference; lastKnownFileType = sourcecode.swift; path = DocumentPicker.swift; sourceTree = "<group>"; };
		1CF52E672C9ABAAD00EC59C2 /* ImagePicker.swift */ = {isa = PBXFileReference; lastKnownFileType = sourcecode.swift; path = ImagePicker.swift; sourceTree = "<group>"; };
		1CF52E692C9ABC2E00EC59C2 /* FileListView.swift */ = {isa = PBXFileReference; lastKnownFileType = sourcecode.swift; path = FileListView.swift; sourceTree = "<group>"; };
		1CF52E6B2C9ABC6400EC59C2 /* FileDetailView.swift */ = {isa = PBXFileReference; lastKnownFileType = sourcecode.swift; path = FileDetailView.swift; sourceTree = "<group>"; };
		1CF52E712CA19B1F00EC59C2 /* FullscreenView.swift */ = {isa = PBXFileReference; lastKnownFileType = sourcecode.swift; path = FullscreenView.swift; sourceTree = "<group>"; };
		1CF52E732CA1AC5300EC59C2 /* PDFThumbnailView.swift */ = {isa = PBXFileReference; lastKnownFileType = sourcecode.swift; path = PDFThumbnailView.swift; sourceTree = "<group>"; };
		1CF52E752CA1ACBD00EC59C2 /* FullscreenPDFView.swift */ = {isa = PBXFileReference; lastKnownFileType = sourcecode.swift; path = FullscreenPDFView.swift; sourceTree = "<group>"; };
/* End PBXFileReference section */

/* Begin PBXFrameworksBuildPhase section */
		1C113EAB2C874FBB00F09D65 /* Frameworks */ = {
			isa = PBXFrameworksBuildPhase;
			buildActionMask = 2147483647;
			files = (
				1CE2F5D22C90898A000F818C /* FirebaseStorageCombine-Community in Frameworks */,
				1CE2F5CA2C90898A000F818C /* FirebaseMessaging in Frameworks */,
				1CE2F5C82C90898A000F818C /* FirebaseMLModelDownloader in Frameworks */,
				1CE2F5AE2C90898A000F818C /* FirebaseAppCheck in Frameworks */,
				1CE2F5B22C90898A000F818C /* FirebaseAuth in Frameworks */,
				1CE2F5A82C90898A000F818C /* FirebaseAnalytics in Frameworks */,
				1CE2F5B02C90898A000F818C /* FirebaseAppDistribution-Beta in Frameworks */,
				1CE2F5AC2C90898A000F818C /* FirebaseAnalyticsWithoutAdIdSupport in Frameworks */,
				1CE2F5B62C90898A000F818C /* FirebaseCrashlytics in Frameworks */,
				1CE2F5B82C90898A000F818C /* FirebaseDatabase in Frameworks */,
				1CE2F5C22C90898A000F818C /* FirebaseFunctionsCombine-Community in Frameworks */,
				1CE2F5B42C90898A000F818C /* FirebaseAuthCombine-Community in Frameworks */,
				1CE2F5D02C90898A000F818C /* FirebaseStorage in Frameworks */,
				1CE2F5AA2C90898A000F818C /* FirebaseAnalyticsOnDeviceConversion in Frameworks */,
				1CE2F5C02C90898A000F818C /* FirebaseFunctions in Frameworks */,
				1CE2F5C62C90898A000F818C /* FirebaseInstallations in Frameworks */,
				1CE2F5CC2C90898A000F818C /* FirebasePerformance in Frameworks */,
				1CE2F5BE2C90898A000F818C /* FirebaseFirestoreCombine-Community in Frameworks */,
				1CE2F5BC2C90898A000F818C /* FirebaseFirestore in Frameworks */,
				1CE2F5BA2C90898A000F818C /* FirebaseDynamicLinks in Frameworks */,
				1CE2F5C42C90898A000F818C /* FirebaseInAppMessaging-Beta in Frameworks */,
				1CE2F5D42C90898A000F818C /* FirebaseVertexAI-Preview in Frameworks */,
				1CE2F5CE2C90898A000F818C /* FirebaseRemoteConfig in Frameworks */,
			);
			runOnlyForDeploymentPostprocessing = 0;
		};
		1C113EBB2C874FBC00F09D65 /* Frameworks */ = {
			isa = PBXFrameworksBuildPhase;
			buildActionMask = 2147483647;
			files = (
			);
			runOnlyForDeploymentPostprocessing = 0;
		};
		1C113EC52C874FBC00F09D65 /* Frameworks */ = {
			isa = PBXFrameworksBuildPhase;
			buildActionMask = 2147483647;
			files = (
			);
			runOnlyForDeploymentPostprocessing = 0;
		};
/* End PBXFrameworksBuildPhase section */

/* Begin PBXGroup section */
		1C113EA52C874FBB00F09D65 = {
			isa = PBXGroup;
			children = (
				1C113EB02C874FBB00F09D65 /* MIKI Parents iOS */,
				1C113EC12C874FBC00F09D65 /* MIKI Parents iOSTests */,
				1C113ECB2C874FBC00F09D65 /* MIKI Parents iOSUITests */,
				1C113EAF2C874FBB00F09D65 /* Products */,
			);
			sourceTree = "<group>";
		};
		1C113EAF2C874FBB00F09D65 /* Products */ = {
			isa = PBXGroup;
			children = (
				1C113EAE2C874FBB00F09D65 /* MIKI Parents iOS.app */,
				1C113EBE2C874FBC00F09D65 /* MIKI Parents iOSTests.xctest */,
				1C113EC82C874FBC00F09D65 /* MIKI Parents iOSUITests.xctest */,
			);
			name = Products;
			sourceTree = "<group>";
		};
		1C113EB02C874FBB00F09D65 /* MIKI Parents iOS */ = {
			isa = PBXGroup;
			children = (
				1C910FD42CB52BAC00E4DC66 /* MIKI-Parents-iOS-Info.plist */,
				1C113EB12C874FBB00F09D65 /* MIKI_Parents_iOSApp.swift */,
				1CE2F5DD2C908BF6000F818C /* HomeView.swift */,
				1CB2E4F72C99C933003FDFC0 /* FirebaseAuthManager.swift */,
				1C910FD52CB5616000E4DC66 /* AudioPlayer.swift */,
				1CB2E4D12C99C87E003FDFC0 /* Login */,
				1CB2E4DB2C99C8D4003FDFC0 /* Register */,
				1CB2E4E22C99C8D4003FDFC0 /* Menu */,
				1CB2E4E72C99C8D4003FDFC0 /* Notes */,
				1CF52E602C9AB60E00EC59C2 /* Homework */,
				1CB2E4D62C99C890003FDFC0 /* Kids Music */,
				1CB2E4E92C99C8D4003FDFC0 /* Settings */,
				1CD088A52CC14A94000B404A /* QRCode */,
				1C113EB52C874FBC00F09D65 /* Assets.xcassets */,
				1C910FD22CB5125500E4DC66 /* GoogleService-Info.plist */,
				1C910FD72CB5621500E4DC66 /* kids_laugh.mp3 */,
				1C113EB72C874FBC00F09D65 /* Preview Content */,
			);
			path = "MIKI Parents iOS";
			sourceTree = "<group>";
		};
		1C113EB72C874FBC00F09D65 /* Preview Content */ = {
			isa = PBXGroup;
			children = (
				1C113EB82C874FBC00F09D65 /* Preview Assets.xcassets */,
			);
			path = "Preview Content";
			sourceTree = "<group>";
		};
		1C113EC12C874FBC00F09D65 /* MIKI Parents iOSTests */ = {
			isa = PBXGroup;
			children = (
				1C113EC22C874FBC00F09D65 /* MIKI_Parents_iOSTests.swift */,
			);
			path = "MIKI Parents iOSTests";
			sourceTree = "<group>";
		};
		1C113ECB2C874FBC00F09D65 /* MIKI Parents iOSUITests */ = {
			isa = PBXGroup;
			children = (
				1C113ECC2C874FBC00F09D65 /* MIKI_Parents_iOSUITests.swift */,
				1C113ECE2C874FBC00F09D65 /* MIKI_Parents_iOSUITestsLaunchTests.swift */,
			);
			path = "MIKI Parents iOSUITests";
			sourceTree = "<group>";
		};
		1CB2E4D12C99C87E003FDFC0 /* Login */ = {
			isa = PBXGroup;
			children = (
				1CB2E4CF2C99C87E003FDFC0 /* LoginView.swift */,
				1CB2E4D02C99C87E003FDFC0 /* LoginViewModel.swift */,
			);
			path = Login;
			sourceTree = "<group>";
		};
		1CB2E4D62C99C890003FDFC0 /* Kids Music */ = {
			isa = PBXGroup;
			children = (
				1CB2E4DE2C99C8D4003FDFC0 /* KidsMusicDetailView.swift */,
				1CB2E4D42C99C890003FDFC0 /* KidsMusicItem.swift */,
				1CB2E4D52C99C890003FDFC0 /* KidsMusicViewModel.swift */,
			);
			name = "Kids Music";
			path = "MIKI Parents iOS/Kids Music";
			sourceTree = SOURCE_ROOT;
		};
		1CB2E4DB2C99C8D4003FDFC0 /* Register */ = {
			isa = PBXGroup;
			children = (
				1CB2E4D92C99C8D4003FDFC0 /* RegisterView.swift */,
				1CB2E4DA2C99C8D4003FDFC0 /* RegisterViewModel.swift */,
			);
			path = Register;
			sourceTree = "<group>";
		};
		1CB2E4E22C99C8D4003FDFC0 /* Menu */ = {
			isa = PBXGroup;
			children = (
				1CB2E4DC2C99C8D4003FDFC0 /* HomeTabView.swift */,
				1CB2E4E02C99C8D4003FDFC0 /* NotesTabView.swift */,
				1CB2E4DD2C99C8D4003FDFC0 /* HomeworkTabView.swift */,
				1CB2E4DF2C99C8D4003FDFC0 /* KidsMusicTabView.swift */,
				1CB2E4E12C99C8D4003FDFC0 /* SettingsTabView.swift */,
			);
			path = Menu;
			sourceTree = "<group>";
		};
		1CB2E4E72C99C8D4003FDFC0 /* Notes */ = {
			isa = PBXGroup;
			children = (
				1C910FD02CB50B3100E4DC66 /* AppDelegate.swift */,
				1CB2E4E32C99C8D4003FDFC0 /* FirestoreItem.swift */,
				1CB2E4E42C99C8D4003FDFC0 /* NewPostView.swift */,
				1CB2E4E52C99C8D4003FDFC0 /* NotesViewModel.swift */,
				1CB2E4E62C99C8D4003FDFC0 /* Post.swift */,
			);
			path = Notes;
			sourceTree = "<group>";
		};
		1CB2E4E92C99C8D4003FDFC0 /* Settings */ = {
			isa = PBXGroup;
			children = (
				1CB2E4E82C99C8D4003FDFC0 /* SettingsTabViewModel.swift */,
			);
			path = Settings;
			sourceTree = "<group>";
		};
		1CD088A52CC14A94000B404A /* QRCode */ = {
			isa = PBXGroup;
			children = (
				1CD088962CC12E7E000B404A /* FamilyJoinView.swift */,
				1CD088972CC12E7E000B404A /* FamilyManager.swift */,
				1CD088A32CC139D4000B404A /* FamilyManagerView.swift */,
				1CD088982CC12E7E000B404A /* QRCodeGeneratorView.swift */,
				1CD088992CC12E7E000B404A /* QRCodeScannerView.swift */,
			);
			path = QRCode;
			sourceTree = "<group>";
		};
		1CF52E602C9AB60E00EC59C2 /* Homework */ = {
			isa = PBXGroup;
			children = (
				1CF52E612C9AB67B00EC59C2 /* UploadFileView.swift */,
				1CF52E632C9AB6AB00EC59C2 /* FileItem.swift */,
				1CF52E652C9ABA8300EC59C2 /* DocumentPicker.swift */,
				1CF52E672C9ABAAD00EC59C2 /* ImagePicker.swift */,
				1CF52E692C9ABC2E00EC59C2 /* FileListView.swift */,
				1CF52E6B2C9ABC6400EC59C2 /* FileDetailView.swift */,
				1CF52E712CA19B1F00EC59C2 /* FullscreenView.swift */,
				1CF52E732CA1AC5300EC59C2 /* PDFThumbnailView.swift */,
				1CF52E752CA1ACBD00EC59C2 /* FullscreenPDFView.swift */,
			);
			path = Homework;
			sourceTree = "<group>";
		};
/* End PBXGroup section */

/* Begin PBXNativeTarget section */
		1C113EAD2C874FBB00F09D65 /* MIKI Parents iOS */ = {
			isa = PBXNativeTarget;
			buildConfigurationList = 1C113ED22C874FBC00F09D65 /* Build configuration list for PBXNativeTarget "MIKI Parents iOS" */;
			buildPhases = (
				1C113EAA2C874FBB00F09D65 /* Sources */,
				1C113EAB2C874FBB00F09D65 /* Frameworks */,
				1C113EAC2C874FBB00F09D65 /* Resources */,
			);
			buildRules = (
			);
			dependencies = (
			);
			name = "MIKI Parents iOS";
			packageProductDependencies = (
				1CE2F5A72C90898A000F818C /* FirebaseAnalytics */,
				1CE2F5A92C90898A000F818C /* FirebaseAnalyticsOnDeviceConversion */,
				1CE2F5AB2C90898A000F818C /* FirebaseAnalyticsWithoutAdIdSupport */,
				1CE2F5AD2C90898A000F818C /* FirebaseAppCheck */,
				1CE2F5AF2C90898A000F818C /* FirebaseAppDistribution-Beta */,
				1CE2F5B12C90898A000F818C /* FirebaseAuth */,
				1CE2F5B32C90898A000F818C /* FirebaseAuthCombine-Community */,
				1CE2F5B52C90898A000F818C /* FirebaseCrashlytics */,
				1CE2F5B72C90898A000F818C /* FirebaseDatabase */,
				1CE2F5B92C90898A000F818C /* FirebaseDynamicLinks */,
				1CE2F5BB2C90898A000F818C /* FirebaseFirestore */,
				1CE2F5BD2C90898A000F818C /* FirebaseFirestoreCombine-Community */,
				1CE2F5BF2C90898A000F818C /* FirebaseFunctions */,
				1CE2F5C12C90898A000F818C /* FirebaseFunctionsCombine-Community */,
				1CE2F5C32C90898A000F818C /* FirebaseInAppMessaging-Beta */,
				1CE2F5C52C90898A000F818C /* FirebaseInstallations */,
				1CE2F5C72C90898A000F818C /* FirebaseMLModelDownloader */,
				1CE2F5C92C90898A000F818C /* FirebaseMessaging */,
				1CE2F5CB2C90898A000F818C /* FirebasePerformance */,
				1CE2F5CD2C90898A000F818C /* FirebaseRemoteConfig */,
				1CE2F5CF2C90898A000F818C /* FirebaseStorage */,
				1CE2F5D12C90898A000F818C /* FirebaseStorageCombine-Community */,
				1CE2F5D32C90898A000F818C /* FirebaseVertexAI-Preview */,
			);
			productName = "MIKI Parents iOS";
			productReference = 1C113EAE2C874FBB00F09D65 /* MIKI Parents iOS.app */;
			productType = "com.apple.product-type.application";
		};
		1C113EBD2C874FBC00F09D65 /* MIKI Parents iOSTests */ = {
			isa = PBXNativeTarget;
			buildConfigurationList = 1C113ED52C874FBC00F09D65 /* Build configuration list for PBXNativeTarget "MIKI Parents iOSTests" */;
			buildPhases = (
				1C113EBA2C874FBC00F09D65 /* Sources */,
				1C113EBB2C874FBC00F09D65 /* Frameworks */,
				1C113EBC2C874FBC00F09D65 /* Resources */,
			);
			buildRules = (
			);
			dependencies = (
				1C113EC02C874FBC00F09D65 /* PBXTargetDependency */,
			);
			name = "MIKI Parents iOSTests";
			productName = "MIKI Parents iOSTests";
			productReference = 1C113EBE2C874FBC00F09D65 /* MIKI Parents iOSTests.xctest */;
			productType = "com.apple.product-type.bundle.unit-test";
		};
		1C113EC72C874FBC00F09D65 /* MIKI Parents iOSUITests */ = {
			isa = PBXNativeTarget;
			buildConfigurationList = 1C113ED82C874FBC00F09D65 /* Build configuration list for PBXNativeTarget "MIKI Parents iOSUITests" */;
			buildPhases = (
				1C113EC42C874FBC00F09D65 /* Sources */,
				1C113EC52C874FBC00F09D65 /* Frameworks */,
				1C113EC62C874FBC00F09D65 /* Resources */,
			);
			buildRules = (
			);
			dependencies = (
				1C113ECA2C874FBC00F09D65 /* PBXTargetDependency */,
			);
			name = "MIKI Parents iOSUITests";
			productName = "MIKI Parents iOSUITests";
			productReference = 1C113EC82C874FBC00F09D65 /* MIKI Parents iOSUITests.xctest */;
			productType = "com.apple.product-type.bundle.ui-testing";
		};
/* End PBXNativeTarget section */

/* Begin PBXProject section */
		1C113EA62C874FBB00F09D65 /* Project object */ = {
			isa = PBXProject;
			attributes = {
				BuildIndependentTargetsInParallel = 1;
				LastSwiftUpdateCheck = 1540;
				LastUpgradeCheck = 1540;
				TargetAttributes = {
					1C113EAD2C874FBB00F09D65 = {
						CreatedOnToolsVersion = 15.4;
					};
					1C113EBD2C874FBC00F09D65 = {
						CreatedOnToolsVersion = 15.4;
						TestTargetID = 1C113EAD2C874FBB00F09D65;
					};
					1C113EC72C874FBC00F09D65 = {
						CreatedOnToolsVersion = 15.4;
						TestTargetID = 1C113EAD2C874FBB00F09D65;
					};
				};
			};
			buildConfigurationList = 1C113EA92C874FBB00F09D65 /* Build configuration list for PBXProject "MIKI Parents iOS" */;
			compatibilityVersion = "Xcode 14.0";
			developmentRegion = en;
			hasScannedForEncodings = 0;
			knownRegions = (
				en,
				Base,
			);
			mainGroup = 1C113EA52C874FBB00F09D65;
			packageReferences = (
				1CE2F5A62C90898A000F818C /* XCRemoteSwiftPackageReference "firebase-ios-sdk" */,
			);
			productRefGroup = 1C113EAF2C874FBB00F09D65 /* Products */;
			projectDirPath = "";
			projectRoot = "";
			targets = (
				1C113EAD2C874FBB00F09D65 /* MIKI Parents iOS */,
				1C113EBD2C874FBC00F09D65 /* MIKI Parents iOSTests */,
				1C113EC72C874FBC00F09D65 /* MIKI Parents iOSUITests */,
			);
		};
/* End PBXProject section */

/* Begin PBXResourcesBuildPhase section */
		1C113EAC2C874FBB00F09D65 /* Resources */ = {
			isa = PBXResourcesBuildPhase;
			buildActionMask = 2147483647;
			files = (
				1C113EB92C874FBC00F09D65 /* Preview Assets.xcassets in Resources */,
				1C910FD32CB5125500E4DC66 /* GoogleService-Info.plist in Resources */,
				1C113EB62C874FBC00F09D65 /* Assets.xcassets in Resources */,
				1C910FD82CB5621500E4DC66 /* kids_laugh.mp3 in Resources */,
			);
			runOnlyForDeploymentPostprocessing = 0;
		};
		1C113EBC2C874FBC00F09D65 /* Resources */ = {
			isa = PBXResourcesBuildPhase;
			buildActionMask = 2147483647;
			files = (
			);
			runOnlyForDeploymentPostprocessing = 0;
		};
		1C113EC62C874FBC00F09D65 /* Resources */ = {
			isa = PBXResourcesBuildPhase;
			buildActionMask = 2147483647;
			files = (
			);
			runOnlyForDeploymentPostprocessing = 0;
		};
/* End PBXResourcesBuildPhase section */

/* Begin PBXSourcesBuildPhase section */
		1C113EAA2C874FBB00F09D65 /* Sources */ = {
			isa = PBXSourcesBuildPhase;
			buildActionMask = 2147483647;
			files = (
				1CB2E4EA2C99C8D4003FDFC0 /* RegisterView.swift in Sources */,
				1CE2F5DE2C908BF6000F818C /* HomeView.swift in Sources */,
				1CB2E4EF2C99C8D4003FDFC0 /* KidsMusicTabView.swift in Sources */,
				1CB2E4EC2C99C8D4003FDFC0 /* HomeTabView.swift in Sources */,
				1CB2E4D82C99C890003FDFC0 /* KidsMusicViewModel.swift in Sources */,
				1CB2E4F62C99C8D4003FDFC0 /* SettingsTabViewModel.swift in Sources */,
				1CB2E4F22C99C8D4003FDFC0 /* FirestoreItem.swift in Sources */,
				1C113EB22C874FBB00F09D65 /* MIKI_Parents_iOSApp.swift in Sources */,
				1CB2E4D32C99C87E003FDFC0 /* LoginViewModel.swift in Sources */,
				1CB2E4EE2C99C8D4003FDFC0 /* KidsMusicDetailView.swift in Sources */,
				1CB2E4F02C99C8D4003FDFC0 /* NotesTabView.swift in Sources */,
				1CF52E6A2C9ABC2E00EC59C2 /* FileListView.swift in Sources */,
				1CB2E4F12C99C8D4003FDFC0 /* SettingsTabView.swift in Sources */,
				1CF52E6C2C9ABC6400EC59C2 /* FileDetailView.swift in Sources */,
				1CF52E642C9AB6AB00EC59C2 /* FileItem.swift in Sources */,
				1CB2E4F52C99C8D4003FDFC0 /* Post.swift in Sources */,
				1CD0889A2CC12E7E000B404A /* FamilyJoinView.swift in Sources */,
				1CD0889B2CC12E7E000B404A /* FamilyManager.swift in Sources */,
				1CD0889C2CC12E7E000B404A /* QRCodeGeneratorView.swift in Sources */,
				1CD0889D2CC12E7E000B404A /* QRCodeScannerView.swift in Sources */,
				1CB2E4F82C99C933003FDFC0 /* FirebaseAuthManager.swift in Sources */,
				1CF52E662C9ABA8300EC59C2 /* DocumentPicker.swift in Sources */,
				1CD088A42CC139D4000B404A /* FamilyManagerView.swift in Sources */,
				1C910FD12CB50B4000E4DC66 /* AppDelegate.swift in Sources */,
				1CF52E742CA1AC5300EC59C2 /* PDFThumbnailView.swift in Sources */,
				1CB2E4D72C99C890003FDFC0 /* KidsMusicItem.swift in Sources */,
				1CF52E722CA19B1F00EC59C2 /* FullscreenView.swift in Sources */,
				1CB2E4EB2C99C8D4003FDFC0 /* RegisterViewModel.swift in Sources */,
				1CB2E4ED2C99C8D4003FDFC0 /* HomeworkTabView.swift in Sources */,
				1CB2E4F42C99C8D4003FDFC0 /* NotesViewModel.swift in Sources */,
				1CB2E4D22C99C87E003FDFC0 /* LoginView.swift in Sources */,
				1CF52E682C9ABAAD00EC59C2 /* ImagePicker.swift in Sources */,
				1CF52E622C9AB67B00EC59C2 /* UploadFileView.swift in Sources */,
				1CF52E762CA1ACBD00EC59C2 /* FullscreenPDFView.swift in Sources */,
				1CB2E4F32C99C8D4003FDFC0 /* NewPostView.swift in Sources */,
				1C910FD62CB5617600E4DC66 /* AudioPlayer.swift in Sources */,
			);
			runOnlyForDeploymentPostprocessing = 0;
		};
		1C113EBA2C874FBC00F09D65 /* Sources */ = {
			isa = PBXSourcesBuildPhase;
			buildActionMask = 2147483647;
			files = (
				1C113EC32C874FBC00F09D65 /* MIKI_Parents_iOSTests.swift in Sources */,
			);
			runOnlyForDeploymentPostprocessing = 0;
		};
		1C113EC42C874FBC00F09D65 /* Sources */ = {
			isa = PBXSourcesBuildPhase;
			buildActionMask = 2147483647;
			files = (
				1C113ECF2C874FBC00F09D65 /* MIKI_Parents_iOSUITestsLaunchTests.swift in Sources */,
				1C113ECD2C874FBC00F09D65 /* MIKI_Parents_iOSUITests.swift in Sources */,
			);
			runOnlyForDeploymentPostprocessing = 0;
		};
/* End PBXSourcesBuildPhase section */

/* Begin PBXTargetDependency section */
		1C113EC02C874FBC00F09D65 /* PBXTargetDependency */ = {
			isa = PBXTargetDependency;
			target = 1C113EAD2C874FBB00F09D65 /* MIKI Parents iOS */;
			targetProxy = 1C113EBF2C874FBC00F09D65 /* PBXContainerItemProxy */;
		};
		1C113ECA2C874FBC00F09D65 /* PBXTargetDependency */ = {
			isa = PBXTargetDependency;
			target = 1C113EAD2C874FBB00F09D65 /* MIKI Parents iOS */;
			targetProxy = 1C113EC92C874FBC00F09D65 /* PBXContainerItemProxy */;
		};
/* End PBXTargetDependency section */

/* Begin XCBuildConfiguration section */
		1C113ED02C874FBC00F09D65 /* Debug */ = {
			isa = XCBuildConfiguration;
			buildSettings = {
				ALWAYS_SEARCH_USER_PATHS = NO;
				ASSETCATALOG_COMPILER_GENERATE_SWIFT_ASSET_SYMBOL_EXTENSIONS = YES;
				CLANG_ANALYZER_NONNULL = YES;
				CLANG_ANALYZER_NUMBER_OBJECT_CONVERSION = YES_AGGRESSIVE;
				CLANG_CXX_LANGUAGE_STANDARD = "gnu++20";
				CLANG_ENABLE_MODULES = YES;
				CLANG_ENABLE_OBJC_ARC = YES;
				CLANG_ENABLE_OBJC_WEAK = YES;
				CLANG_WARN_BLOCK_CAPTURE_AUTORELEASING = YES;
				CLANG_WARN_BOOL_CONVERSION = YES;
				CLANG_WARN_COMMA = YES;
				CLANG_WARN_CONSTANT_CONVERSION = YES;
				CLANG_WARN_DEPRECATED_OBJC_IMPLEMENTATIONS = YES;
				CLANG_WARN_DIRECT_OBJC_ISA_USAGE = YES_ERROR;
				CLANG_WARN_DOCUMENTATION_COMMENTS = YES;
				CLANG_WARN_EMPTY_BODY = YES;
				CLANG_WARN_ENUM_CONVERSION = YES;
				CLANG_WARN_INFINITE_RECURSION = YES;
				CLANG_WARN_INT_CONVERSION = YES;
				CLANG_WARN_NON_LITERAL_NULL_CONVERSION = YES;
				CLANG_WARN_OBJC_IMPLICIT_RETAIN_SELF = YES;
				CLANG_WARN_OBJC_LITERAL_CONVERSION = YES;
				CLANG_WARN_OBJC_ROOT_CLASS = YES_ERROR;
				CLANG_WARN_QUOTED_INCLUDE_IN_FRAMEWORK_HEADER = YES;
				CLANG_WARN_RANGE_LOOP_ANALYSIS = YES;
				CLANG_WARN_STRICT_PROTOTYPES = YES;
				CLANG_WARN_SUSPICIOUS_MOVE = YES;
				CLANG_WARN_UNGUARDED_AVAILABILITY = YES_AGGRESSIVE;
				CLANG_WARN_UNREACHABLE_CODE = YES;
				CLANG_WARN__DUPLICATE_METHOD_MATCH = YES;
				COPY_PHASE_STRIP = NO;
				DEBUG_INFORMATION_FORMAT = dwarf;
				ENABLE_STRICT_OBJC_MSGSEND = YES;
				ENABLE_TESTABILITY = YES;
				ENABLE_USER_SCRIPT_SANDBOXING = YES;
				GCC_C_LANGUAGE_STANDARD = gnu17;
				GCC_DYNAMIC_NO_PIC = NO;
				GCC_NO_COMMON_BLOCKS = YES;
				GCC_OPTIMIZATION_LEVEL = 0;
				GCC_PREPROCESSOR_DEFINITIONS = (
					"DEBUG=1",
					"$(inherited)",
				);
				GCC_WARN_64_TO_32_BIT_CONVERSION = YES;
				GCC_WARN_ABOUT_RETURN_TYPE = YES_ERROR;
				GCC_WARN_UNDECLARED_SELECTOR = YES;
				GCC_WARN_UNINITIALIZED_AUTOS = YES_AGGRESSIVE;
				GCC_WARN_UNUSED_FUNCTION = YES;
				GCC_WARN_UNUSED_VARIABLE = YES;
				IPHONEOS_DEPLOYMENT_TARGET = 17.5;
				LOCALIZATION_PREFERS_STRING_CATALOGS = YES;
				MTL_ENABLE_DEBUG_INFO = INCLUDE_SOURCE;
				MTL_FAST_MATH = YES;
				ONLY_ACTIVE_ARCH = YES;
				SDKROOT = iphoneos;
				SWIFT_ACTIVE_COMPILATION_CONDITIONS = "DEBUG $(inherited)";
				SWIFT_OPTIMIZATION_LEVEL = "-Onone";
			};
			name = Debug;
		};
		1C113ED12C874FBC00F09D65 /* Release */ = {
			isa = XCBuildConfiguration;
			buildSettings = {
				ALWAYS_SEARCH_USER_PATHS = NO;
				ASSETCATALOG_COMPILER_GENERATE_SWIFT_ASSET_SYMBOL_EXTENSIONS = YES;
				CLANG_ANALYZER_NONNULL = YES;
				CLANG_ANALYZER_NUMBER_OBJECT_CONVERSION = YES_AGGRESSIVE;
				CLANG_CXX_LANGUAGE_STANDARD = "gnu++20";
				CLANG_ENABLE_MODULES = YES;
				CLANG_ENABLE_OBJC_ARC = YES;
				CLANG_ENABLE_OBJC_WEAK = YES;
				CLANG_WARN_BLOCK_CAPTURE_AUTORELEASING = YES;
				CLANG_WARN_BOOL_CONVERSION = YES;
				CLANG_WARN_COMMA = YES;
				CLANG_WARN_CONSTANT_CONVERSION = YES;
				CLANG_WARN_DEPRECATED_OBJC_IMPLEMENTATIONS = YES;
				CLANG_WARN_DIRECT_OBJC_ISA_USAGE = YES_ERROR;
				CLANG_WARN_DOCUMENTATION_COMMENTS = YES;
				CLANG_WARN_EMPTY_BODY = YES;
				CLANG_WARN_ENUM_CONVERSION = YES;
				CLANG_WARN_INFINITE_RECURSION = YES;
				CLANG_WARN_INT_CONVERSION = YES;
				CLANG_WARN_NON_LITERAL_NULL_CONVERSION = YES;
				CLANG_WARN_OBJC_IMPLICIT_RETAIN_SELF = YES;
				CLANG_WARN_OBJC_LITERAL_CONVERSION = YES;
				CLANG_WARN_OBJC_ROOT_CLASS = YES_ERROR;
				CLANG_WARN_QUOTED_INCLUDE_IN_FRAMEWORK_HEADER = YES;
				CLANG_WARN_RANGE_LOOP_ANALYSIS = YES;
				CLANG_WARN_STRICT_PROTOTYPES = YES;
				CLANG_WARN_SUSPICIOUS_MOVE = YES;
				CLANG_WARN_UNGUARDED_AVAILABILITY = YES_AGGRESSIVE;
				CLANG_WARN_UNREACHABLE_CODE = YES;
				CLANG_WARN__DUPLICATE_METHOD_MATCH = YES;
				COPY_PHASE_STRIP = NO;
				DEBUG_INFORMATION_FORMAT = "dwarf-with-dsym";
				ENABLE_NS_ASSERTIONS = NO;
				ENABLE_STRICT_OBJC_MSGSEND = YES;
				ENABLE_USER_SCRIPT_SANDBOXING = YES;
				GCC_C_LANGUAGE_STANDARD = gnu17;
				GCC_NO_COMMON_BLOCKS = YES;
				GCC_WARN_64_TO_32_BIT_CONVERSION = YES;
				GCC_WARN_ABOUT_RETURN_TYPE = YES_ERROR;
				GCC_WARN_UNDECLARED_SELECTOR = YES;
				GCC_WARN_UNINITIALIZED_AUTOS = YES_AGGRESSIVE;
				GCC_WARN_UNUSED_FUNCTION = YES;
				GCC_WARN_UNUSED_VARIABLE = YES;
				IPHONEOS_DEPLOYMENT_TARGET = 17.5;
				LOCALIZATION_PREFERS_STRING_CATALOGS = YES;
				MTL_ENABLE_DEBUG_INFO = NO;
				MTL_FAST_MATH = YES;
				SDKROOT = iphoneos;
				SWIFT_COMPILATION_MODE = wholemodule;
				VALIDATE_PRODUCT = YES;
			};
			name = Release;
		};
		1C113ED32C874FBC00F09D65 /* Debug */ = {
			isa = XCBuildConfiguration;
			buildSettings = {
				ASSETCATALOG_COMPILER_APPICON_NAME = AppIcon;
				ASSETCATALOG_COMPILER_GLOBAL_ACCENT_COLOR_NAME = AccentColor;
				ASSETCATALOG_COMPILER_INCLUDE_ALL_APPICON_ASSETS = YES;
				CODE_SIGN_STYLE = Automatic;
				CURRENT_PROJECT_VERSION = 1;
				DEVELOPMENT_ASSET_PATHS = "\"MIKI Parents iOS/Preview Content\"";
				DEVELOPMENT_TEAM = TQGFJG3PS4;
				ENABLE_PREVIEWS = YES;
				GENERATE_INFOPLIST_FILE = YES;
				INFOPLIST_FILE = "MIKI-Parents-iOS-Info.plist";
				INFOPLIST_KEY_UIApplicationSceneManifest_Generation = YES;
				INFOPLIST_KEY_UIApplicationSupportsIndirectInputEvents = YES;
				INFOPLIST_KEY_UILaunchScreen_Generation = YES;
				INFOPLIST_KEY_UISupportedInterfaceOrientations_iPad = "UIInterfaceOrientationPortrait UIInterfaceOrientationPortraitUpsideDown UIInterfaceOrientationLandscapeLeft UIInterfaceOrientationLandscapeRight";
				INFOPLIST_KEY_UISupportedInterfaceOrientations_iPhone = "UIInterfaceOrientationPortrait UIInterfaceOrientationLandscapeLeft UIInterfaceOrientationLandscapeRight";
				LD_RUNPATH_SEARCH_PATHS = (
					"$(inherited)",
					"@executable_path/Frameworks",
				);
				MARKETING_VERSION = 1.0;
				PRODUCT_BUNDLE_IDENTIFIER = "com.miki-apps.MIKI-Parents-iOS";
				PRODUCT_NAME = "$(TARGET_NAME)";
				SWIFT_EMIT_LOC_STRINGS = YES;
				SWIFT_VERSION = 5.0;
				TARGETED_DEVICE_FAMILY = "1,2";
			};
			name = Debug;
		};
		1C113ED42C874FBC00F09D65 /* Release */ = {
			isa = XCBuildConfiguration;
			buildSettings = {
				ASSETCATALOG_COMPILER_APPICON_NAME = AppIcon;
				ASSETCATALOG_COMPILER_GLOBAL_ACCENT_COLOR_NAME = AccentColor;
				ASSETCATALOG_COMPILER_INCLUDE_ALL_APPICON_ASSETS = YES;
				CODE_SIGN_STYLE = Automatic;
				CURRENT_PROJECT_VERSION = 1;
				DEVELOPMENT_ASSET_PATHS = "\"MIKI Parents iOS/Preview Content\"";
				DEVELOPMENT_TEAM = TQGFJG3PS4;
				ENABLE_PREVIEWS = YES;
				GENERATE_INFOPLIST_FILE = YES;
				INFOPLIST_FILE = "MIKI-Parents-iOS-Info.plist";
				INFOPLIST_KEY_UIApplicationSceneManifest_Generation = YES;
				INFOPLIST_KEY_UIApplicationSupportsIndirectInputEvents = YES;
				INFOPLIST_KEY_UILaunchScreen_Generation = YES;
				INFOPLIST_KEY_UISupportedInterfaceOrientations_iPad = "UIInterfaceOrientationPortrait UIInterfaceOrientationPortraitUpsideDown UIInterfaceOrientationLandscapeLeft UIInterfaceOrientationLandscapeRight";
				INFOPLIST_KEY_UISupportedInterfaceOrientations_iPhone = "UIInterfaceOrientationPortrait UIInterfaceOrientationLandscapeLeft UIInterfaceOrientationLandscapeRight";
				LD_RUNPATH_SEARCH_PATHS = (
					"$(inherited)",
					"@executable_path/Frameworks",
				);
				MARKETING_VERSION = 1.0;
				PRODUCT_BUNDLE_IDENTIFIER = "com.miki-apps.MIKI-Parents-iOS";
				PRODUCT_NAME = "$(TARGET_NAME)";
				SWIFT_EMIT_LOC_STRINGS = YES;
				SWIFT_VERSION = 5.0;
				TARGETED_DEVICE_FAMILY = "1,2";
			};
			name = Release;
		};
		1C113ED62C874FBC00F09D65 /* Debug */ = {
			isa = XCBuildConfiguration;
			buildSettings = {
				ALWAYS_EMBED_SWIFT_STANDARD_LIBRARIES = YES;
				BUNDLE_LOADER = "$(TEST_HOST)";
				CODE_SIGN_STYLE = Automatic;
				CURRENT_PROJECT_VERSION = 1;
				GENERATE_INFOPLIST_FILE = YES;
				IPHONEOS_DEPLOYMENT_TARGET = 17.5;
				MARKETING_VERSION = 1.0;
				PRODUCT_BUNDLE_IDENTIFIER = "com.miki-apps.MIKI-Parents-iOSTests";
				PRODUCT_NAME = "$(TARGET_NAME)";
				SWIFT_EMIT_LOC_STRINGS = NO;
				SWIFT_VERSION = 5.0;
				TARGETED_DEVICE_FAMILY = "1,2";
				TEST_HOST = "$(BUILT_PRODUCTS_DIR)/MIKI Parents iOS.app/$(BUNDLE_EXECUTABLE_FOLDER_PATH)/MIKI Parents iOS";
			};
			name = Debug;
		};
		1C113ED72C874FBC00F09D65 /* Release */ = {
			isa = XCBuildConfiguration;
			buildSettings = {
				ALWAYS_EMBED_SWIFT_STANDARD_LIBRARIES = YES;
				BUNDLE_LOADER = "$(TEST_HOST)";
				CODE_SIGN_STYLE = Automatic;
				CURRENT_PROJECT_VERSION = 1;
				GENERATE_INFOPLIST_FILE = YES;
				IPHONEOS_DEPLOYMENT_TARGET = 17.5;
				MARKETING_VERSION = 1.0;
				PRODUCT_BUNDLE_IDENTIFIER = "com.miki-apps.MIKI-Parents-iOSTests";
				PRODUCT_NAME = "$(TARGET_NAME)";
				SWIFT_EMIT_LOC_STRINGS = NO;
				SWIFT_VERSION = 5.0;
				TARGETED_DEVICE_FAMILY = "1,2";
				TEST_HOST = "$(BUILT_PRODUCTS_DIR)/MIKI Parents iOS.app/$(BUNDLE_EXECUTABLE_FOLDER_PATH)/MIKI Parents iOS";
			};
			name = Release;
		};
		1C113ED92C874FBC00F09D65 /* Debug */ = {
			isa = XCBuildConfiguration;
			buildSettings = {
				ALWAYS_EMBED_SWIFT_STANDARD_LIBRARIES = YES;
				CODE_SIGN_STYLE = Automatic;
				CURRENT_PROJECT_VERSION = 1;
				GENERATE_INFOPLIST_FILE = YES;
				MARKETING_VERSION = 1.0;
				PRODUCT_BUNDLE_IDENTIFIER = "com.miki-apps.MIKI-Parents-iOSUITests";
				PRODUCT_NAME = "$(TARGET_NAME)";
				SWIFT_EMIT_LOC_STRINGS = NO;
				SWIFT_VERSION = 5.0;
				TARGETED_DEVICE_FAMILY = "1,2";
				TEST_TARGET_NAME = "MIKI Parents iOS";
			};
			name = Debug;
		};
		1C113EDA2C874FBC00F09D65 /* Release */ = {
			isa = XCBuildConfiguration;
			buildSettings = {
				ALWAYS_EMBED_SWIFT_STANDARD_LIBRARIES = YES;
				CODE_SIGN_STYLE = Automatic;
				CURRENT_PROJECT_VERSION = 1;
				GENERATE_INFOPLIST_FILE = YES;
				MARKETING_VERSION = 1.0;
				PRODUCT_BUNDLE_IDENTIFIER = "com.miki-apps.MIKI-Parents-iOSUITests";
				PRODUCT_NAME = "$(TARGET_NAME)";
				SWIFT_EMIT_LOC_STRINGS = NO;
				SWIFT_VERSION = 5.0;
				TARGETED_DEVICE_FAMILY = "1,2";
				TEST_TARGET_NAME = "MIKI Parents iOS";
			};
			name = Release;
		};
/* End XCBuildConfiguration section */

/* Begin XCConfigurationList section */
		1C113EA92C874FBB00F09D65 /* Build configuration list for PBXProject "MIKI Parents iOS" */ = {
			isa = XCConfigurationList;
			buildConfigurations = (
				1C113ED02C874FBC00F09D65 /* Debug */,
				1C113ED12C874FBC00F09D65 /* Release */,
			);
			defaultConfigurationIsVisible = 0;
			defaultConfigurationName = Release;
		};
		1C113ED22C874FBC00F09D65 /* Build configuration list for PBXNativeTarget "MIKI Parents iOS" */ = {
			isa = XCConfigurationList;
			buildConfigurations = (
				1C113ED32C874FBC00F09D65 /* Debug */,
				1C113ED42C874FBC00F09D65 /* Release */,
			);
			defaultConfigurationIsVisible = 0;
			defaultConfigurationName = Release;
		};
		1C113ED52C874FBC00F09D65 /* Build configuration list for PBXNativeTarget "MIKI Parents iOSTests" */ = {
			isa = XCConfigurationList;
			buildConfigurations = (
				1C113ED62C874FBC00F09D65 /* Debug */,
				1C113ED72C874FBC00F09D65 /* Release */,
			);
			defaultConfigurationIsVisible = 0;
			defaultConfigurationName = Release;
		};
		1C113ED82C874FBC00F09D65 /* Build configuration list for PBXNativeTarget "MIKI Parents iOSUITests" */ = {
			isa = XCConfigurationList;
			buildConfigurations = (
				1C113ED92C874FBC00F09D65 /* Debug */,
				1C113EDA2C874FBC00F09D65 /* Release */,
			);
			defaultConfigurationIsVisible = 0;
			defaultConfigurationName = Release;
		};
/* End XCConfigurationList section */

/* Begin XCRemoteSwiftPackageReference section */
		1CE2F5A62C90898A000F818C /* XCRemoteSwiftPackageReference "firebase-ios-sdk" */ = {
			isa = XCRemoteSwiftPackageReference;
			repositoryURL = "https://github.com/firebase/firebase-ios-sdk";
			requirement = {
				kind = upToNextMajorVersion;
				minimumVersion = 11.1.0;
			};
		};
/* End XCRemoteSwiftPackageReference section */

/* Begin XCSwiftPackageProductDependency section */
		1CE2F5A72C90898A000F818C /* FirebaseAnalytics */ = {
			isa = XCSwiftPackageProductDependency;
			package = 1CE2F5A62C90898A000F818C /* XCRemoteSwiftPackageReference "firebase-ios-sdk" */;
			productName = FirebaseAnalytics;
		};
		1CE2F5A92C90898A000F818C /* FirebaseAnalyticsOnDeviceConversion */ = {
			isa = XCSwiftPackageProductDependency;
			package = 1CE2F5A62C90898A000F818C /* XCRemoteSwiftPackageReference "firebase-ios-sdk" */;
			productName = FirebaseAnalyticsOnDeviceConversion;
		};
		1CE2F5AB2C90898A000F818C /* FirebaseAnalyticsWithoutAdIdSupport */ = {
			isa = XCSwiftPackageProductDependency;
			package = 1CE2F5A62C90898A000F818C /* XCRemoteSwiftPackageReference "firebase-ios-sdk" */;
			productName = FirebaseAnalyticsWithoutAdIdSupport;
		};
		1CE2F5AD2C90898A000F818C /* FirebaseAppCheck */ = {
			isa = XCSwiftPackageProductDependency;
			package = 1CE2F5A62C90898A000F818C /* XCRemoteSwiftPackageReference "firebase-ios-sdk" */;
			productName = FirebaseAppCheck;
		};
		1CE2F5AF2C90898A000F818C /* FirebaseAppDistribution-Beta */ = {
			isa = XCSwiftPackageProductDependency;
			package = 1CE2F5A62C90898A000F818C /* XCRemoteSwiftPackageReference "firebase-ios-sdk" */;
			productName = "FirebaseAppDistribution-Beta";
		};
		1CE2F5B12C90898A000F818C /* FirebaseAuth */ = {
			isa = XCSwiftPackageProductDependency;
			package = 1CE2F5A62C90898A000F818C /* XCRemoteSwiftPackageReference "firebase-ios-sdk" */;
			productName = FirebaseAuth;
		};
		1CE2F5B32C90898A000F818C /* FirebaseAuthCombine-Community */ = {
			isa = XCSwiftPackageProductDependency;
			package = 1CE2F5A62C90898A000F818C /* XCRemoteSwiftPackageReference "firebase-ios-sdk" */;
			productName = "FirebaseAuthCombine-Community";
		};
		1CE2F5B52C90898A000F818C /* FirebaseCrashlytics */ = {
			isa = XCSwiftPackageProductDependency;
			package = 1CE2F5A62C90898A000F818C /* XCRemoteSwiftPackageReference "firebase-ios-sdk" */;
			productName = FirebaseCrashlytics;
		};
		1CE2F5B72C90898A000F818C /* FirebaseDatabase */ = {
			isa = XCSwiftPackageProductDependency;
			package = 1CE2F5A62C90898A000F818C /* XCRemoteSwiftPackageReference "firebase-ios-sdk" */;
			productName = FirebaseDatabase;
		};
		1CE2F5B92C90898A000F818C /* FirebaseDynamicLinks */ = {
			isa = XCSwiftPackageProductDependency;
			package = 1CE2F5A62C90898A000F818C /* XCRemoteSwiftPackageReference "firebase-ios-sdk" */;
			productName = FirebaseDynamicLinks;
		};
		1CE2F5BB2C90898A000F818C /* FirebaseFirestore */ = {
			isa = XCSwiftPackageProductDependency;
			package = 1CE2F5A62C90898A000F818C /* XCRemoteSwiftPackageReference "firebase-ios-sdk" */;
			productName = FirebaseFirestore;
		};
		1CE2F5BD2C90898A000F818C /* FirebaseFirestoreCombine-Community */ = {
			isa = XCSwiftPackageProductDependency;
			package = 1CE2F5A62C90898A000F818C /* XCRemoteSwiftPackageReference "firebase-ios-sdk" */;
			productName = "FirebaseFirestoreCombine-Community";
		};
		1CE2F5BF2C90898A000F818C /* FirebaseFunctions */ = {
			isa = XCSwiftPackageProductDependency;
			package = 1CE2F5A62C90898A000F818C /* XCRemoteSwiftPackageReference "firebase-ios-sdk" */;
			productName = FirebaseFunctions;
		};
		1CE2F5C12C90898A000F818C /* FirebaseFunctionsCombine-Community */ = {
			isa = XCSwiftPackageProductDependency;
			package = 1CE2F5A62C90898A000F818C /* XCRemoteSwiftPackageReference "firebase-ios-sdk" */;
			productName = "FirebaseFunctionsCombine-Community";
		};
		1CE2F5C32C90898A000F818C /* FirebaseInAppMessaging-Beta */ = {
			isa = XCSwiftPackageProductDependency;
			package = 1CE2F5A62C90898A000F818C /* XCRemoteSwiftPackageReference "firebase-ios-sdk" */;
			productName = "FirebaseInAppMessaging-Beta";
		};
		1CE2F5C52C90898A000F818C /* FirebaseInstallations */ = {
			isa = XCSwiftPackageProductDependency;
			package = 1CE2F5A62C90898A000F818C /* XCRemoteSwiftPackageReference "firebase-ios-sdk" */;
			productName = FirebaseInstallations;
		};
		1CE2F5C72C90898A000F818C /* FirebaseMLModelDownloader */ = {
			isa = XCSwiftPackageProductDependency;
			package = 1CE2F5A62C90898A000F818C /* XCRemoteSwiftPackageReference "firebase-ios-sdk" */;
			productName = FirebaseMLModelDownloader;
		};
		1CE2F5C92C90898A000F818C /* FirebaseMessaging */ = {
			isa = XCSwiftPackageProductDependency;
			package = 1CE2F5A62C90898A000F818C /* XCRemoteSwiftPackageReference "firebase-ios-sdk" */;
			productName = FirebaseMessaging;
		};
		1CE2F5CB2C90898A000F818C /* FirebasePerformance */ = {
			isa = XCSwiftPackageProductDependency;
			package = 1CE2F5A62C90898A000F818C /* XCRemoteSwiftPackageReference "firebase-ios-sdk" */;
			productName = FirebasePerformance;
		};
		1CE2F5CD2C90898A000F818C /* FirebaseRemoteConfig */ = {
			isa = XCSwiftPackageProductDependency;
			package = 1CE2F5A62C90898A000F818C /* XCRemoteSwiftPackageReference "firebase-ios-sdk" */;
			productName = FirebaseRemoteConfig;
		};
		1CE2F5CF2C90898A000F818C /* FirebaseStorage */ = {
			isa = XCSwiftPackageProductDependency;
			package = 1CE2F5A62C90898A000F818C /* XCRemoteSwiftPackageReference "firebase-ios-sdk" */;
			productName = FirebaseStorage;
		};
		1CE2F5D12C90898A000F818C /* FirebaseStorageCombine-Community */ = {
			isa = XCSwiftPackageProductDependency;
			package = 1CE2F5A62C90898A000F818C /* XCRemoteSwiftPackageReference "firebase-ios-sdk" */;
			productName = "FirebaseStorageCombine-Community";
		};
		1CE2F5D32C90898A000F818C /* FirebaseVertexAI-Preview */ = {
			isa = XCSwiftPackageProductDependency;
			package = 1CE2F5A62C90898A000F818C /* XCRemoteSwiftPackageReference "firebase-ios-sdk" */;
			productName = "FirebaseVertexAI-Preview";
		};
/* End XCSwiftPackageProductDependency section */
	};
	rootObject = 1C113EA62C874FBB00F09D65 /* Project object */;
}
